
Microsoft Visual Studio Solution File, Format Version 12.00
# Visual Studio Version 17
VisualStudioVersion = 17.5.33530.505
MinimumVisualStudioVersion = 10.0.40219.1
Project("{8BC9CEB8-8B4A-11D0-8D11-00A0C91BC942}") = "OpenSiv3D_0.6.111_10_16", "OpenSiv3D_0.6.111_10_16\OpenSiv3D_0.6.111_10_16.vcxproj", "{B0A140B7-D2D1-4C29-BD2E-2EF0248F7B41}"
EndProject
Global
	GlobalSection(SolutionConfigurationPlatforms) = preSolution
		Debug|x64 = Debug|x64
		Release|x64 = Release|x64
	EndGlobalSection
	GlobalSection(ProjectConfigurationPlatforms) = postSolution
		{B0A140B7-D2D1-4C29-BD2E-2EF0248F7B41}.Debug|x64.ActiveCfg = Debug|x64
		{B0A140B7-D2D1-4C29-BD2E-2EF0248F7B41}.Debug|x64.Build.0 = Debug|x64
		{B0A140B7-D2D1-4C29-BD2E-2EF0248F7B41}.Release|x64.ActiveCfg = Release|x64
		{B0A140B7-D2D1-4C29-BD2E-2EF0248F7B41}.Release|x64.Build.0 = Release|x64
	EndGlobalSection
	GlobalSection(SolutionProperties) = preSolution
		HideSolutionNode = FALSE
	EndGlobalSection
	GlobalSection(ExtensibilityGlobals) = postSolution
		SolutionGuid = {6078D747-4B84-4689-8F6E-94A94D90B467}
	EndGlobalSection
EndGlobal
